// !$*UTF8*$!
{
	archiveVersion = 1;
	classes = {
	};
	objectVersion = 46;
	objects = {

/* Begin PBXBuildFile section */
		91B901F31BE8F470004ABAB8 /* main.m in Sources */ = {isa = PBXBuildFile; fileRef = 91B901F21BE8F470004ABAB8 /* main.m */; };
		91B901FE1BE8F471004ABAB8 /* Assets.xcassets in Resources */ = {isa = PBXBuildFile; fileRef = 91B901FD1BE8F471004ABAB8 /* Assets.xcassets */; };
		91B902011BE8F471004ABAB8 /* LaunchScreen.storyboard in Resources */ = {isa = PBXBuildFile; fileRef = 91B901FF1BE8F471004ABAB8 /* LaunchScreen.storyboard */; };
		91B902111BE8F4FD004ABAB8 /* AppDelegate.m in Sources */ = {isa = PBXBuildFile; fileRef = 91B9020A1BE8F4FD004ABAB8 /* AppDelegate.m */; settings = {ASSET_TAGS = (); }; };
		91B902121BE8F4FD004ABAB8 /* BootLogic.m in Sources */ = {isa = PBXBuildFile; fileRef = 91B9020C1BE8F4FD004ABAB8 /* BootLogic.m */; settings = {ASSET_TAGS = (); }; };
		91B902131BE8F4FD004ABAB8 /* ConsoleScreen.m in Sources */ = {isa = PBXBuildFile; fileRef = 91B9020E1BE8F4FD004ABAB8 /* ConsoleScreen.m */; settings = {ASSET_TAGS = (); }; };
		91B902141BE8F4FD004ABAB8 /* MainScreen.m in Sources */ = {isa = PBXBuildFile; fileRef = 91B902101BE8F4FD004ABAB8 /* MainScreen.m */; settings = {ASSET_TAGS = (); }; };
		91B902181BE8FB88004ABAB8 /* ZoomScale.m in Sources */ = {isa = PBXBuildFile; fileRef = 91B902171BE8FB88004ABAB8 /* ZoomScale.m */; settings = {ASSET_TAGS = (); }; };
		91B9021A1BE8FCD7004ABAB8 /* anh.jpg in Resources */ = {isa = PBXBuildFile; fileRef = 91B902191BE8FCD7004ABAB8 /* anh.jpg */; settings = {ASSET_TAGS = (); }; };
/* End PBXBuildFile section */

/* Begin PBXFileReference section */
		91B901EE1BE8F470004ABAB8 /* UIScrollView.app */ = {isa = PBXFileReference; explicitFileType = wrapper.application; includeInIndex = 0; path = UIScrollView.app; sourceTree = BUILT_PRODUCTS_DIR; };
		91B901F21BE8F470004ABAB8 /* main.m */ = {isa = PBXFileReference; lastKnownFileType = sourcecode.c.objc; path = main.m; sourceTree = "<group>"; };
		91B901FD1BE8F471004ABAB8 /* Assets.xcassets */ = {isa = PBXFileReference; lastKnownFileType = folder.assetcatalog; path = Assets.xcassets; sourceTree = "<group>"; };
		91B902001BE8F471004ABAB8 /* Base */ = {isa = PBXFileReference; lastKnownFileType = file.storyboard; name = Base; path = Base.lproj/LaunchScreen.storyboard; sourceTree = "<group>"; };
		91B902021BE8F471004ABAB8 /* Info.plist */ = {isa = PBXFileReference; lastKnownFileType = text.plist.xml; path = Info.plist; sourceTree = "<group>"; };
		91B902091BE8F4FD004ABAB8 /* AppDelegate.h */ = {isa = PBXFileReference; fileEncoding = 4; lastKnownFileType = sourcecode.c.h; path = AppDelegate.h; sourceTree = "<group>"; };
		91B9020A1BE8F4FD004ABAB8 /* AppDelegate.m */ = {isa = PBXFileReference; fileEncoding = 4; lastKnownFileType = sourcecode.c.objc; path = AppDelegate.m; sourceTree = "<group>"; };
		91B9020B1BE8F4FD004ABAB8 /* BootLogic.h */ = {isa = PBXFileReference; fileEncoding = 4; lastKnownFileType = sourcecode.c.h; path = BootLogic.h; sourceTree = "<group>"; };
		91B9020C1BE8F4FD004ABAB8 /* BootLogic.m */ = {isa = PBXFileReference; fileEncoding = 4; lastKnownFileType = sourcecode.c.objc; path = BootLogic.m; sourceTree = "<group>"; };
		91B9020D1BE8F4FD004ABAB8 /* ConsoleScreen.h */ = {isa = PBXFileReference; fileEncoding = 4; lastKnownFileType = sourcecode.c.h; path = ConsoleScreen.h; sourceTree = "<group>"; };
		91B9020E1BE8F4FD004ABAB8 /* ConsoleScreen.m */ = {isa = PBXFileReference; fileEncoding = 4; lastKnownFileType = sourcecode.c.objc; path = ConsoleScreen.m; sourceTree = "<group>"; };
		91B9020F1BE8F4FD004ABAB8 /* MainScreen.h */ = {isa = PBXFileReference; fileEncoding = 4; lastKnownFileType = sourcecode.c.h; path = MainScreen.h; sourceTree = "<group>"; };
		91B902101BE8F4FD004ABAB8 /* MainScreen.m */ = {isa = PBXFileReference; fileEncoding = 4; lastKnownFileType = sourcecode.c.objc; path = MainScreen.m; sourceTree = "<group>"; };
		91B902161BE8FB88004ABAB8 /* ZoomScale.h */ = {isa = PBXFileReference; fileEncoding = 4; lastKnownFileType = sourcecode.c.h; path = ZoomScale.h; sourceTree = "<group>"; };
		91B902171BE8FB88004ABAB8 /* ZoomScale.m */ = {isa = PBXFileReference; fileEncoding = 4; lastKnownFileType = sourcecode.c.objc; path = ZoomScale.m; sourceTree = "<group>"; };
		91B902191BE8FCD7004ABAB8 /* anh.jpg */ = {isa = PBXFileReference; lastKnownFileType = image.jpeg; path = anh.jpg; sourceTree = "<group>"; };
/* End PBXFileReference section */

/* Begin PBXFrameworksBuildPhase section */
		91B901EB1BE8F470004ABAB8 /* Frameworks */ = {
			isa = PBXFrameworksBuildPhase;
			buildActionMask = 2147483647;
			files = (
			);
			runOnlyForDeploymentPostprocessing = 0;
		};
/* End PBXFrameworksBuildPhase section */

/* Begin PBXGroup section */
		91B901E51BE8F470004ABAB8 = {
			isa = PBXGroup;
			children = (
				91B901F01BE8F470004ABAB8 /* UIScrollView */,
				91B901EF1BE8F470004ABAB8 /* Products */,
			);
			sourceTree = "<group>";
		};
		91B901EF1BE8F470004ABAB8 /* Products */ = {
			isa = PBXGroup;
			children = (
				91B901EE1BE8F470004ABAB8 /* UIScrollView.app */,
			);
			name = Products;
			sourceTree = "<group>";
		};
		91B901F01BE8F470004ABAB8 /* UIScrollView */ = {
			isa = PBXGroup;
			children = (
				91B902081BE8F4DA004ABAB8 /* Core */,
				91B902151BE8F5C4004ABAB8 /* Base */,
				91B901FD1BE8F471004ABAB8 /* Assets.xcassets */,
				91B901FF1BE8F471004ABAB8 /* LaunchScreen.storyboard */,
				91B902021BE8F471004ABAB8 /* Info.plist */,
				91B901F11BE8F470004ABAB8 /* Supporting Files */,
			);
			path = UIScrollView;
			sourceTree = "<group>";
		};
		91B901F11BE8F470004ABAB8 /* Supporting Files */ = {
			isa = PBXGroup;
			children = (
				91B901F21BE8F470004ABAB8 /* main.m */,
			);
			name = "Supporting Files";
			sourceTree = "<group>";
		};
		91B902081BE8F4DA004ABAB8 /* Core */ = {
			isa = PBXGroup;
			children = (
				91B902091BE8F4FD004ABAB8 /* AppDelegate.h */,
				91B9020A1BE8F4FD004ABAB8 /* AppDelegate.m */,
				91B9020B1BE8F4FD004ABAB8 /* BootLogic.h */,
				91B9020C1BE8F4FD004ABAB8 /* BootLogic.m */,
				91B9020D1BE8F4FD004ABAB8 /* ConsoleScreen.h */,
				91B9020E1BE8F4FD004ABAB8 /* ConsoleScreen.m */,
				91B9020F1BE8F4FD004ABAB8 /* MainScreen.h */,
				91B902101BE8F4FD004ABAB8 /* MainScreen.m */,
			);
			name = Core;
			sourceTree = "<group>";
		};
		91B902151BE8F5C4004ABAB8 /* Base */ = {
			isa = PBXGroup;
			children = (
				91B902191BE8FCD7004ABAB8 /* anh.jpg */,
				91B902161BE8FB88004ABAB8 /* ZoomScale.h */,
				91B902171BE8FB88004ABAB8 /* ZoomScale.m */,
			);
			name = Base;
			sourceTree = "<group>";
		};
/* End PBXGroup section */

/* Begin PBXNativeTarget section */
		91B901ED1BE8F470004ABAB8 /* UIScrollView */ = {
			isa = PBXNativeTarget;
			buildConfigurationList = 91B902051BE8F471004ABAB8 /* Build configuration list for PBXNativeTarget "UIScrollView" */;
			buildPhases = (
				91B901EA1BE8F470004ABAB8 /* Sources */,
				91B901EB1BE8F470004ABAB8 /* Frameworks */,
				91B901EC1BE8F470004ABAB8 /* Resources */,
			);
			buildRules = (
			);
			dependencies = (
			);
			name = UIScrollView;
			productName = UIScrollView;
			productReference = 91B901EE1BE8F470004ABAB8 /* UIScrollView.app */;
			productType = "com.apple.product-type.application";
		};
/* End PBXNativeTarget section */

/* Begin PBXProject section */
		91B901E61BE8F470004ABAB8 /* Project object */ = {
			isa = PBXProject;
			attributes = {
				LastUpgradeCheck = 0700;
				ORGANIZATIONNAME = "Nguyen Duy Kieu";
				TargetAttributes = {
					91B901ED1BE8F470004ABAB8 = {
						CreatedOnToolsVersion = 7.0.1;
					};
				};
			};
			buildConfigurationList = 91B901E91BE8F470004ABAB8 /* Build configuration list for PBXProject "UIScrollView" */;
			compatibilityVersion = "Xcode 3.2";
			developmentRegion = English;
			hasScannedForEncodings = 0;
			knownRegions = (
				en,
				Base,
			);
			mainGroup = 91B901E51BE8F470004ABAB8;
			productRefGroup = 91B901EF1BE8F470004ABAB8 /* Products */;
			projectDirPath = "";
			projectRoot = "";
			targets = (
				91B901ED1BE8F470004ABAB8 /* UIScrollView */,
			);
		};
/* End PBXProject section */

/* Begin PBXResourcesBuildPhase section */
		91B901EC1BE8F470004ABAB8 /* Resources */ = {
			isa = PBXResourcesBuildPhase;
			buildActionMask = 2147483647;
			files = (
				91B9021A1BE8FCD7004ABAB8 /* anh.jpg in Resources */,
				91B902011BE8F471004ABAB8 /* LaunchScreen.storyboard in Resources */,
				91B901FE1BE8F471004ABAB8 /* Assets.xcassets in Resources */,
			);
			runOnlyForDeploymentPostprocessing = 0;
		};
/* End PBXResourcesBuildPhase section */

/* Begin PBXSourcesBuildPhase section */
		91B901EA1BE8F470004ABAB8 /* Sources */ = {
			isa = PBXSourcesBuildPhase;
			buildActionMask = 2147483647;
			files = (
				91B902121BE8F4FD004ABAB8 /* BootLogic.m in Sources */,
				91B902181BE8FB88004ABAB8 /* ZoomScale.m in Sources */,
				91B902141BE8F4FD004ABAB8 /* MainScreen.m in Sources */,
				91B902131BE8F4FD004ABAB8 /* ConsoleScreen.m in Sources */,
				91B902111BE8F4FD004ABAB8 /* AppDelegate.m in Sources */,
				91B901F31BE8F470004ABAB8 /* main.m in Sources */,
			);
			runOnlyForDeploymentPostprocessing = 0;
		};
/* End PBXSourcesBuildPhase section */

/* Begin PBXVariantGroup section */
		91B901FF1BE8F471004ABAB8 /* LaunchScreen.storyboard */ = {
			isa = PBXVariantGroup;
			children = (
				91B902001BE8F471004ABAB8 /* Base */,
			);
			name = LaunchScreen.storyboard;
			sourceTree = "<group>";
		};
/* End PBXVariantGroup section */

/* Begin XCBuildConfiguration section */
		91B902031BE8F471004ABAB8 /* Debug */ = {
			isa = XCBuildConfiguration;
			buildSettings = {
				ALWAYS_SEARCH_USER_PATHS = NO;
				CLANG_CXX_LANGUAGE_STANDARD = "gnu++0x";
				CLANG_CXX_LIBRARY = "libc++";
				CLANG_ENABLE_MODULES = YES;
				CLANG_ENABLE_OBJC_ARC = YES;
				CLANG_WARN_BOOL_CONVERSION = YES;
				CLANG_WARN_CONSTANT_CONVERSION = YES;
				CLANG_WARN_DIRECT_OBJC_ISA_USAGE = YES_ERROR;
				CLANG_WARN_EMPTY_BODY = YES;
				CLANG_WARN_ENUM_CONVERSION = YES;
				CLANG_WARN_INT_CONVERSION = YES;
				CLANG_WARN_OBJC_ROOT_CLASS = YES_ERROR;
				CLANG_WARN_UNREACHABLE_CODE = YES;
				CLANG_WARN__DUPLICATE_METHOD_MATCH = YES;
				"CODE_SIGN_IDENTITY[sdk=iphoneos*]" = "iPhone Developer";
				COPY_PHASE_STRIP = NO;
				DEBUG_INFORMATION_FORMAT = dwarf;
				ENABLE_STRICT_OBJC_MSGSEND = YES;
				ENABLE_TESTABILITY = YES;
				GCC_C_LANGUAGE_STANDARD = gnu99;
				GCC_DYNAMIC_NO_PIC = NO;
				GCC_NO_COMMON_BLOCKS = YES;
				GCC_OPTIMIZATION_LEVEL = 0;
				GCC_PREPROCESSOR_DEFINITIONS = (
					"DEBUG=1",
					"$(inherited)",
				);
				GCC_WARN_64_TO_32_BIT_CONVERSION = YES;
				GCC_WARN_ABOUT_RETURN_TYPE = YES_ERROR;
				GCC_WARN_UNDECLARED_SELECTOR = YES;
				GCC_WARN_UNINITIALIZED_AUTOS = YES_AGGRESSIVE;
				GCC_WARN_UNUSED_FUNCTION = YES;
				GCC_WARN_UNUSED_VARIABLE = YES;
				IPHONEOS_DEPLOYMENT_TARGET = 9.0;
				MTL_ENABLE_DEBUG_INFO = YES;
				ONLY_ACTIVE_ARCH = YES;
				SDKROOT = iphoneos;
			};
			name = Debug;
		};
		91B902041BE8F471004ABAB8 /* Release */ = {
			isa = XCBuildConfiguration;
			buildSettings = {
				ALWAYS_SEARCH_USER_PATHS = NO;
				CLANG_CXX_LANGUAGE_STANDARD = "gnu++0x";
				CLANG_CXX_LIBRARY = "libc++";
				CLANG_ENABLE_MODULES = YES;
				CLANG_ENABLE_OBJC_ARC = YES;
				CLANG_WARN_BOOL_CONVERSION = YES;
				CLANG_WARN_CONSTANT_CONVERSION = YES;
				CLANG_WARN_DIRECT_OBJC_ISA_USAGE = YES_ERROR;
				CLANG_WARN_EMPTY_BODY = YES;
				CLANG_WARN_ENUM_CONVERSION = YES;
				CLANG_WARN_INT_CONVERSION = YES;
				CLANG_WARN_OBJC_ROOT_CLASS = YES_ERROR;
				CLANG_WARN_UNREACHABLE_CODE = YES;
				CLANG_WARN__DUPLICATE_METHOD_MATCH = YES;
				"CODE_SIGN_IDENTITY[sdk=iphoneos*]" = "iPhone Developer";
				COPY_PHASE_STRIP = NO;
				DEBUG_INFORMATION_FORMAT = "dwarf-with-dsym";
				ENABLE_NS_ASSERTIONS = NO;
				ENABLE_STRICT_OBJC_MSGSEND = YES;
				GCC_C_LANGUAGE_STANDARD = gnu99;
				GCC_NO_COMMON_BLOCKS = YES;
				GCC_WARN_64_TO_32_BIT_CONVERSION = YES;
				GCC_WARN_ABOUT_RETURN_TYPE = YES_ERROR;
				GCC_WARN_UNDECLARED_SELECTOR = YES;
				GCC_WARN_UNINITIALIZED_AUTOS = YES_AGGRESSIVE;
				GCC_WARN_UNUSED_FUNCTION = YES;
				GCC_WARN_UNUSED_VARIABLE = YES;
				IPHONEOS_DEPLOYMENT_TARGET = 9.0;
				MTL_ENABLE_DEBUG_INFO = NO;
				SDKROOT = iphoneos;
				VALIDATE_PRODUCT = YES;
			};
			name = Release;
		};
		91B902061BE8F471004ABAB8 /* Debug */ = {
			isa = XCBuildConfiguration;
			buildSettings = {
				ASSETCATALOG_COMPILER_APPICON_NAME = AppIcon;
				INFOPLIST_FILE = UIScrollView/Info.plist;
				LD_RUNPATH_SEARCH_PATHS = "$(inherited) @executable_path/Frameworks";
				PRODUCT_BUNDLE_IDENTIFIER = kieu.vn.UIScrollView;
				PRODUCT_NAME = "$(TARGET_NAME)";
			};
			name = Debug;
		};
		91B902071BE8F471004ABAB8 /* Release */ = {
			isa = XCBuildConfiguration;
			buildSettings = {
				ASSETCATALOG_COMPILER_APPICON_NAME = AppIcon;
				INFOPLIST_FILE = UIScrollView/Info.plist;
				LD_RUNPATH_SEARCH_PATHS = "$(inherited) @executable_path/Frameworks";
				PRODUCT_BUNDLE_IDENTIFIER = kieu.vn.UIScrollView;
				PRODUCT_NAME = "$(TARGET_NAME)";
			};
			name = Release;
		};
/* End XCBuildConfiguration section */

/* Begin XCConfigurationList section */
		91B901E91BE8F470004ABAB8 /* Build configuration list for PBXProject "UIScrollView" */ = {
			isa = XCConfigurationList;
			buildConfigurations = (
				91B902031BE8F471004ABAB8 /* Debug */,
				91B902041BE8F471004ABAB8 /* Release */,
			);
			defaultConfigurationIsVisible = 0;
			defaultConfigurationName = Release;
		};
		91B902051BE8F471004ABAB8 /* Build configuration list for PBXNativeTarget "UIScrollView" */ = {
			isa = XCConfigurationList;
			buildConfigurations = (
				91B902061BE8F471004ABAB8 /* Debug */,
				91B902071BE8F471004ABAB8 /* Release */,
			);
			defaultConfigurationIsVisible = 0;
		};
/* End XCConfigurationList section */
	};
	rootObject = 91B901E61BE8F470004ABAB8 /* Project object */;
}
